
Microsoft Visual Studio Solution File, Format Version 12.00
# Visual Studio Version 16
VisualStudioVersion = 16.0.31702.278
MinimumVisualStudioVersion = 10.0.40219.1
Project("{FAE04EC0-301F-11D3-BF4B-00C04F79EFBC}") = "Helper", "Helper\Helper.csproj", "{0EFE5F78-6675-46F2-99A9-4346AE6B1529}"
EndProject
Global
	GlobalSection(SolutionConfigurationPlatforms) = preSolution
		Debug|Any CPU = Debug|Any CPU
		Release|Any CPU = Release|Any CPU
	EndGlobalSection
	GlobalSection(ProjectConfigurationPlatforms) = postSolution
		{0EFE5F78-6675-46F2-99A9-4346AE6B1529}.Debug|Any CPU.ActiveCfg = Debug|Any CPU
		{0EFE5F78-6675-46F2-99A9-4346AE6B1529}.Debug|Any CPU.Build.0 = Debug|Any CPU
		{0EFE5F78-6675-46F2-99A9-4346AE6B1529}.Release|Any CPU.ActiveCfg = Release|Any CPU
		{0EFE5F78-6675-46F2-99A9-4346AE6B1529}.Release|Any CPU.Build.0 = Release|Any CPU
	EndGlobalSection
	GlobalSection(SolutionProperties) = preSolution
		HideSolutionNode = FALSE
	EndGlobalSection
	GlobalSection(ExtensibilityGlobals) = postSolution
		SolutionGuid = {693E3789-B21D-4B67-A41D-9D38D67A2867}
	EndGlobalSection
EndGlobal
